{
  "requires": true,
  "lockfileVersion": 1,
  "dependencies": {
    "@types/faker": {
      "version": "5.1.3",
      "resolved": "https://registry.npmjs.org/@types/faker/-/faker-5.1.3.tgz",
      "integrity": "sha512-7YTyCRoujZWYaCpDLslQJ8QzaFWFLZZ3mZ7Vfr/jJHascRmSd05pYteyt2FK4btF2vXyGq0obuoyLpcF99OvaA=="
    },
    "@types/googlemaps": {
      "version": "3.40.1",
      "resolved": "https://registry.npmjs.org/@types/googlemaps/-/googlemaps-3.40.1.tgz",
      "integrity": "sha512-dmlopvqHPuDVTjcMwe0mnVCK808WF+X1SvCPqmE6x1aCo7FRW6X5CqoGf2OBZVfq/0YCxhXFzcnxvpanzAS9Ww=="
    },
    "faker": {
      "version": "5.1.0",
      "resolved": "https://registry.npmjs.org/faker/-/faker-5.1.0.tgz",
      "integrity": "sha512-RrWKFSSA/aNLP0g3o2WW1Zez7/MnMr7xkiZmoCfAGZmdkDQZ6l2KtuXHN5XjdvpRjDl8+3vf+Rrtl06Z352+Mw=="
    },
    "typescript": {
      "version": "4.0.3",
      "resolved": "https://registry.npmjs.org/typescript/-/typescript-4.0.3.tgz",
      "integrity": "sha512-tEu6DGxGgRJPb/mVPIZ48e69xCn2yRmCgYmDugAVwmJ6o+0u1RI18eO7E7WBTLYLaEVVOhwQmcdhQHweux/WPg==",
      "dev": true
    }
  }
}
